# THIS IS AN AUTOGENERATED FILE. DO NOT EDIT THIS FILE DIRECTLY.
# yarn lockfile v1


"@babel/parser@^7.16.4":
  version "7.17.10"
  resolved "https://pkgs.d.xiaomi.net:443/artifactory/api/npm/mi-npm/@babel/parser/-/parser-7.17.10.tgz#873b16db82a8909e0fbd7f115772f4b739f6ce78"
  integrity sha1-hzsW24KokJ4PvX8RV3L0tzn2zng=

"@vitejs/plugin-vue@^2.3.1":
  version "2.3.2"
  resolved "https://pkgs.d.xiaomi.net:443/artifactory/api/npm/mi-npm/@vitejs/plugin-vue/-/plugin-vue-2.3.2.tgz#12ea7a42e6c83d5ea48e14dc41fd2bbb5806ee37"
  integrity sha1-Eup6QubIPV6kjhTcQf0ru1gG7jc=

"@vue/compiler-core@3.2.33":
  version "3.2.33"
  resolved "https://pkgs.d.xiaomi.net:443/artifactory/api/npm/mi-npm/@vue/compiler-core/-/compiler-core-3.2.33.tgz#e915d59cce85898f5c5cfebe4c09e539278c3d59"
  integrity sha1-6RXVnM6FiY9cXP6+TAnlOSeMPVk=
  dependencies:
    "@babel/parser" "^7.16.4"
    "@vue/shared" "3.2.33"
    estree-walker "^2.0.2"
    source-map "^0.6.1"

"@vue/compiler-dom@3.2.33":
  version "3.2.33"
  resolved "https://pkgs.d.xiaomi.net:443/artifactory/api/npm/mi-npm/@vue/compiler-dom/-/compiler-dom-3.2.33.tgz#6db84296f949f18e5d3e7fd5e80f943dbed7d5ec"
  integrity sha1-bbhClvlJ8Y5dPn/V6A+UPb7X1ew=
  dependencies:
    "@vue/compiler-core" "3.2.33"
    "@vue/shared" "3.2.33"

"@vue/compiler-sfc@3.2.33":
  version "3.2.33"
  resolved "https://pkgs.d.xiaomi.net:443/artifactory/api/npm/mi-npm/@vue/compiler-sfc/-/compiler-sfc-3.2.33.tgz#7ce01dc947a8b76c099811dc6ca58494d4dc773d"
  integrity sha1-fOAdyUeot2wJmBHcbKWElNTcdz0=
  dependencies:
    "@babel/parser" "^7.16.4"
    "@vue/compiler-core" "3.2.33"
    "@vue/compiler-dom" "3.2.33"
    "@vue/compiler-ssr" "3.2.33"
    "@vue/reactivity-transform" "3.2.33"
    "@vue/shared" "3.2.33"
    estree-walker "^2.0.2"
    magic-string "^0.25.7"
    postcss "^8.1.10"
    source-map "^0.6.1"

"@vue/compiler-ssr@3.2.33":
  version "3.2.33"
  resolved "https://pkgs.d.xiaomi.net:443/artifactory/api/npm/mi-npm/@vue/compiler-ssr/-/compiler-ssr-3.2.33.tgz#3e820267e4eea48fde9519f006dedca3f5e42e71"
  integrity sha1-PoICZ+TupI/elRnwBt7co/XkLnE=
  dependencies:
    "@vue/compiler-dom" "3.2.33"
    "@vue/shared" "3.2.33"

"@vue/reactivity-transform@3.2.33":
  version "3.2.33"
  resolved "https://pkgs.d.xiaomi.net:443/artifactory/api/npm/mi-npm/@vue/reactivity-transform/-/reactivity-transform-3.2.33.tgz#286063f44ca56150ae9b52f8346a26e5913fa699"
  integrity sha1-KGBj9EylYVCum1L4NGom5ZE/ppk=
  dependencies:
    "@babel/parser" "^7.16.4"
    "@vue/compiler-core" "3.2.33"
    "@vue/shared" "3.2.33"
    estree-walker "^2.0.2"
    magic-string "^0.25.7"

"@vue/reactivity@3.2.33":
  version "3.2.33"
  resolved "https://pkgs.d.xiaomi.net:443/artifactory/api/npm/mi-npm/@vue/reactivity/-/reactivity-3.2.33.tgz#c84eedb5225138dbfc2472864c151d3efbb4b673"
  integrity sha1-yE7ttSJRONv8JHKGTBUdPvu0tnM=
  dependencies:
    "@vue/shared" "3.2.33"

"@vue/runtime-core@3.2.33":
  version "3.2.33"
  resolved "https://pkgs.d.xiaomi.net:443/artifactory/api/npm/mi-npm/@vue/runtime-core/-/runtime-core-3.2.33.tgz#2df8907c85c37c3419fbd1bdf1a2df097fa40df2"
  integrity sha1-LfiQfIXDfDQZ+9G98aLfCX+kDfI=
  dependencies:
    "@vue/reactivity" "3.2.33"
    "@vue/shared" "3.2.33"

"@vue/runtime-dom@3.2.33":
  version "3.2.33"
  resolved "https://pkgs.d.xiaomi.net:443/artifactory/api/npm/mi-npm/@vue/runtime-dom/-/runtime-dom-3.2.33.tgz#123b8969247029ea0d9c1983676d4706a962d848"
  integrity sha1-EjuJaSRwKeoNnBmDZ21HBqli2Eg=
  dependencies:
    "@vue/runtime-core" "3.2.33"
    "@vue/shared" "3.2.33"
    csstype "^2.6.8"

"@vue/server-renderer@3.2.33":
  version "3.2.33"
  resolved "https://pkgs.d.xiaomi.net:443/artifactory/api/npm/mi-npm/@vue/server-renderer/-/server-renderer-3.2.33.tgz#4b45d6d2ae10ea4e3d2cf8e676804cf60f331979"
  integrity sha1-S0XW0q4Q6k49LPjmdoBM9g8zGXk=
  dependencies:
    "@vue/compiler-ssr" "3.2.33"
    "@vue/shared" "3.2.33"

"@vue/shared@3.2.33":
  version "3.2.33"
  resolved "https://pkgs.d.xiaomi.net:443/artifactory/api/npm/mi-npm/@vue/shared/-/shared-3.2.33.tgz#69a8c99ceb37c1b031d5cc4aec2ff1dc77e1161e"
  integrity sha1-aajJnOs3wbAx1cxK7C/x3HfhFh4=

csstype@^2.6.8:
  version "2.6.20"
  resolved "https://pkgs.d.xiaomi.net:443/artifactory/api/npm/mi-npm/csstype/-/csstype-2.6.20.tgz#9229c65ea0b260cf4d3d997cb06288e36a8d6dda"
  integrity sha1-kinGXqCyYM9NPZl8sGKI42qNbdo=

esbuild-android-64@0.14.38:
  version "0.14.38"
  resolved "https://pkgs.d.xiaomi.net:443/artifactory/api/npm/mi-npm/esbuild-android-64/-/esbuild-android-64-0.14.38.tgz#5b94a1306df31d55055f64a62ff6b763a47b7f64"
  integrity sha1-W5ShMG3zHVUFX2SmL/a3Y6R7f2Q=

esbuild-android-arm64@0.14.38:
  version "0.14.38"
  resolved "https://pkgs.d.xiaomi.net:443/artifactory/api/npm/mi-npm/esbuild-android-arm64/-/esbuild-android-arm64-0.14.38.tgz#78acc80773d16007de5219ccce544c036abd50b8"
  integrity sha1-eKzIB3PRYAfeUhnMzlRMA2q9ULg=

esbuild-darwin-64@0.14.38:
  version "0.14.38"
  resolved "https://pkgs.d.xiaomi.net:443/artifactory/api/npm/mi-npm/esbuild-darwin-64/-/esbuild-darwin-64-0.14.38.tgz#e02b1291f629ebdc2aa46fabfacc9aa28ff6aa46"
  integrity sha1-4CsSkfYp69wqpG+r+syaoo/2qkY=

esbuild-darwin-arm64@0.14.38:
  version "0.14.38"
  resolved "https://pkgs.d.xiaomi.net:443/artifactory/api/npm/mi-npm/esbuild-darwin-arm64/-/esbuild-darwin-arm64-0.14.38.tgz#01eb6650ec010b18c990e443a6abcca1d71290a9"
  integrity sha1-AetmUOwBCxjJkORDpqvModcSkKk=

esbuild-freebsd-64@0.14.38:
  version "0.14.38"
  resolved "https://pkgs.d.xiaomi.net:443/artifactory/api/npm/mi-npm/esbuild-freebsd-64/-/esbuild-freebsd-64-0.14.38.tgz#790b8786729d4aac7be17648f9ea8e0e16475b5e"
  integrity sha1-eQuHhnKdSqx74XZI+eqODhZHW14=

esbuild-freebsd-arm64@0.14.38:
  version "0.14.38"
  resolved "https://pkgs.d.xiaomi.net:443/artifactory/api/npm/mi-npm/esbuild-freebsd-arm64/-/esbuild-freebsd-arm64-0.14.38.tgz#b66340ab28c09c1098e6d9d8ff656db47d7211e6"
  integrity sha1-tmNAqyjAnBCY5tnY/2VttH1yEeY=

esbuild-linux-32@0.14.38:
  version "0.14.38"
  resolved "https://pkgs.d.xiaomi.net:443/artifactory/api/npm/mi-npm/esbuild-linux-32/-/esbuild-linux-32-0.14.38.tgz#7927f950986fd39f0ff319e92839455912b67f70"
  integrity sha1-eSf5UJhv058P8xnpKDlFWRK2f3A=

esbuild-linux-64@0.14.38:
  version "0.14.38"
  resolved "https://pkgs.d.xiaomi.net:443/artifactory/api/npm/mi-npm/esbuild-linux-64/-/esbuild-linux-64-0.14.38.tgz#4893d07b229d9cfe34a2b3ce586399e73c3ac519"
  integrity sha1-SJPQeyKdnP40orPOWGOZ5zw6xRk=

esbuild-linux-arm64@0.14.38:
  version "0.14.38"
  resolved "https://pkgs.d.xiaomi.net:443/artifactory/api/npm/mi-npm/esbuild-linux-arm64/-/esbuild-linux-arm64-0.14.38.tgz#8442402e37d0b8ae946ac616784d9c1a2041056a"
  integrity sha1-hEJALjfQuK6UasYWeE2cGiBBBWo=

esbuild-linux-arm@0.14.38:
  version "0.14.38"
  resolved "https://pkgs.d.xiaomi.net:443/artifactory/api/npm/mi-npm/esbuild-linux-arm/-/esbuild-linux-arm-0.14.38.tgz#d5dbf32d38b7f79be0ec6b5fb2f9251fd9066986"
  integrity sha1-1dvzLTi395vg7GtfsvklH9kGaYY=

esbuild-linux-mips64le@0.14.38:
  version "0.14.38"
  resolved "https://pkgs.d.xiaomi.net:443/artifactory/api/npm/mi-npm/esbuild-linux-mips64le/-/esbuild-linux-mips64le-0.14.38.tgz#95081e42f698bbe35d8ccee0e3a237594b337eb5"
  integrity sha1-lQgeQvaYu+NdjM7g46I3WUszfrU=

esbuild-linux-ppc64le@0.14.38:
  version "0.14.38"
  resolved "https://pkgs.d.xiaomi.net:443/artifactory/api/npm/mi-npm/esbuild-linux-ppc64le/-/esbuild-linux-ppc64le-0.14.38.tgz#dceb0a1b186f5df679618882a7990bd422089b47"
  integrity sha1-3OsKGxhvXfZ5YYiCp5kL1CIIm0c=

esbuild-linux-riscv64@0.14.38:
  version "0.14.38"
  resolved "https://pkgs.d.xiaomi.net:443/artifactory/api/npm/mi-npm/esbuild-linux-riscv64/-/esbuild-linux-riscv64-0.14.38.tgz#61fb8edb75f475f9208c4a93ab2bfab63821afd2"
  integrity sha1-YfuO23X0dfkgjEqTqyv6tjghr9I=

esbuild-linux-s390x@0.14.38:
  version "0.14.38"
  resolved "https://pkgs.d.xiaomi.net:443/artifactory/api/npm/mi-npm/esbuild-linux-s390x/-/esbuild-linux-s390x-0.14.38.tgz#34c7126a4937406bf6a5e69100185fd702d12fe0"
  integrity sha1-NMcSakk3QGv2peaRABhf1wLRL+A=

esbuild-netbsd-64@0.14.38:
  version "0.14.38"
  resolved "https://pkgs.d.xiaomi.net:443/artifactory/api/npm/mi-npm/esbuild-netbsd-64/-/esbuild-netbsd-64-0.14.38.tgz#322ea9937d9e529183ee281c7996b93eb38a5d95"
  integrity sha1-Mi6pk32eUpGD7igceZa5PrOKXZU=

esbuild-openbsd-64@0.14.38:
  version "0.14.38"
  resolved "https://pkgs.d.xiaomi.net:443/artifactory/api/npm/mi-npm/esbuild-openbsd-64/-/esbuild-openbsd-64-0.14.38.tgz#1ca29bb7a2bf09592dcc26afdb45108f08a2cdbd"
  integrity sha1-HKKbt6K/CVktzCav20UQjwiizb0=

esbuild-sunos-64@0.14.38:
  version "0.14.38"
  resolved "https://pkgs.d.xiaomi.net:443/artifactory/api/npm/mi-npm/esbuild-sunos-64/-/esbuild-sunos-64-0.14.38.tgz#c9446f7d8ebf45093e7bb0e7045506a88540019b"
  integrity sha1-yURvfY6/RQk+e7DnBFUGqIVAAZs=

esbuild-windows-32@0.14.38:
  version "0.14.38"
  resolved "https://pkgs.d.xiaomi.net:443/artifactory/api/npm/mi-npm/esbuild-windows-32/-/esbuild-windows-32-0.14.38.tgz#f8e9b4602fd0ccbd48e5c8d117ec0ba4040f2ad1"
  integrity sha1-+Om0YC/QzL1I5cjRF+wLpAQPKtE=

esbuild-windows-64@0.14.38:
  version "0.14.38"
  resolved "https://pkgs.d.xiaomi.net:443/artifactory/api/npm/mi-npm/esbuild-windows-64/-/esbuild-windows-64-0.14.38.tgz#280f58e69f78535f470905ce3e43db1746518107"
  integrity sha1-KA9Y5p94U19HCQXOPkPbF0ZRgQc=

esbuild-windows-arm64@0.14.38:
  version "0.14.38"
  resolved "https://pkgs.d.xiaomi.net:443/artifactory/api/npm/mi-npm/esbuild-windows-arm64/-/esbuild-windows-arm64-0.14.38.tgz#d97e9ac0f95a4c236d9173fa9f86c983d6a53f54"
  integrity sha1-2X6awPlaTCNtkXP6n4bJg9alP1Q=

esbuild@^0.14.27:
  version "0.14.38"
  resolved "https://pkgs.d.xiaomi.net:443/artifactory/api/npm/mi-npm/esbuild/-/esbuild-0.14.38.tgz#99526b778cd9f35532955e26e1709a16cca2fb30"
  integrity sha1-mVJrd4zZ81UylV4m4XCaFsyi+zA=
  optionalDependencies:
    esbuild-android-64 "0.14.38"
    esbuild-android-arm64 "0.14.38"
    esbuild-darwin-64 "0.14.38"
    esbuild-darwin-arm64 "0.14.38"
    esbuild-freebsd-64 "0.14.38"
    esbuild-freebsd-arm64 "0.14.38"
    esbuild-linux-32 "0.14.38"
    esbuild-linux-64 "0.14.38"
    esbuild-linux-arm "0.14.38"
    esbuild-linux-arm64 "0.14.38"
    esbuild-linux-mips64le "0.14.38"
    esbuild-linux-ppc64le "0.14.38"
    esbuild-linux-riscv64 "0.14.38"
    esbuild-linux-s390x "0.14.38"
    esbuild-netbsd-64 "0.14.38"
    esbuild-openbsd-64 "0.14.38"
    esbuild-sunos-64 "0.14.38"
    esbuild-windows-32 "0.14.38"
    esbuild-windows-64 "0.14.38"
    esbuild-windows-arm64 "0.14.38"

estree-walker@^2.0.2:
  version "2.0.2"
  resolved "https://pkgs.d.xiaomi.net:443/artifactory/api/npm/mi-npm/estree-walker/-/estree-walker-2.0.2.tgz#52f010178c2a4c117a7757cfe942adb7d2da4cac"
  integrity sha1-UvAQF4wqTBF6d1fP6UKtt9LaTKw=

fsevents@~2.3.2:
  version "2.3.2"
  resolved "https://pkgs.d.xiaomi.net:443/artifactory/api/npm/mi-npm/fsevents/-/fsevents-2.3.2.tgz#8a526f78b8fdf4623b709e0b975c52c24c02fd1a"
  integrity sha1-ilJveLj99GI7cJ4Ll1xSwkwC/Ro=

function-bind@^1.1.1:
  version "1.1.1"
  resolved "https://pkgs.d.xiaomi.net:443/artifactory/api/npm/mi-npm/function-bind/-/function-bind-1.1.1.tgz#a56899d3ea3c9bab874bb9773b7c5ede92f4895d"
  integrity sha1-pWiZ0+o8m6uHS7l3O3xe3pL0iV0=

has@^1.0.3:
  version "1.0.3"
  resolved "https://pkgs.d.xiaomi.net:443/artifactory/api/npm/mi-npm/has/-/has-1.0.3.tgz#722d7cbfc1f6aa8241f16dd814e011e1f41e8796"
  integrity sha1-ci18v8H2qoJB8W3YFOAR4fQeh5Y=
  dependencies:
    function-bind "^1.1.1"

is-core-module@^2.8.1:
  version "2.9.0"
  resolved "https://pkgs.d.xiaomi.net:443/artifactory/api/npm/mi-npm/is-core-module/-/is-core-module-2.9.0.tgz#e1c34429cd51c6dd9e09e0799e396e27b19a9c69"
  integrity sha1-4cNEKc1Rxt2eCeB5njluJ7GanGk=
  dependencies:
    has "^1.0.3"

magic-string@^0.25.7:
  version "0.25.9"
  resolved "https://pkgs.d.xiaomi.net:443/artifactory/api/npm/mi-npm/magic-string/-/magic-string-0.25.9.tgz#de7f9faf91ef8a1c91d02c2e5314c8277dbcdd1c"
  integrity sha1-3n+fr5HvihyR0CwuUxTIJ3283Rw=
  dependencies:
    sourcemap-codec "^1.4.8"

nanoid@^3.3.3:
  version "3.3.4"
  resolved "https://pkgs.d.xiaomi.net:443/artifactory/api/npm/mi-npm/nanoid/-/nanoid-3.3.4.tgz#730b67e3cd09e2deacf03c027c81c9d9dbc5e8ab"
  integrity sha1-cwtn480J4t6s8DwCfIHJ2dvF6Ks=

path-parse@^1.0.7:
  version "1.0.7"
  resolved "https://pkgs.d.xiaomi.net:443/artifactory/api/npm/mi-npm/path-parse/-/path-parse-1.0.7.tgz#fbc114b60ca42b30d9daf5858e4bd68bbedb6735"
  integrity sha1-+8EUtgykKzDZ2vWFjkvWi77bZzU=

picocolors@^1.0.0:
  version "1.0.0"
  resolved "https://pkgs.d.xiaomi.net:443/artifactory/api/npm/mi-npm/picocolors/-/picocolors-1.0.0.tgz#cb5bdc74ff3f51892236eaf79d68bc44564ab81c"
  integrity sha1-y1vcdP8/UYkiNur3nWi8RFZKuBw=

postcss@^8.1.10, postcss@^8.4.13:
  version "8.4.13"
  resolved "https://pkgs.d.xiaomi.net:443/artifactory/api/npm/mi-npm/postcss/-/postcss-8.4.13.tgz#7c87bc268e79f7f86524235821dfdf9f73e5d575"
  integrity sha1-fIe8Jo559/hlJCNYId/fn3Pl1XU=
  dependencies:
    nanoid "^3.3.3"
    picocolors "^1.0.0"
    source-map-js "^1.0.2"

resolve@^1.22.0:
  version "1.22.0"
  resolved "https://pkgs.d.xiaomi.net:443/artifactory/api/npm/mi-npm/resolve/-/resolve-1.22.0.tgz#5e0b8c67c15df57a89bdbabe603a002f21731198"
  integrity sha1-XguMZ8Fd9XqJvbq+YDoALyFzEZg=
  dependencies:
    is-core-module "^2.8.1"
    path-parse "^1.0.7"
    supports-preserve-symlinks-flag "^1.0.0"

rollup@^2.59.0:
  version "2.72.1"
  resolved "https://pkgs.d.xiaomi.net:443/artifactory/api/npm/mi-npm/rollup/-/rollup-2.72.1.tgz#861c94790537b10008f0ca0fbc60e631aabdd045"
  integrity sha1-hhyUeQU3sQAI8MoPvGDmMaq90EU=
  optionalDependencies:
    fsevents "~2.3.2"

source-map-js@^1.0.2:
  version "1.0.2"
  resolved "https://pkgs.d.xiaomi.net:443/artifactory/api/npm/mi-npm/source-map-js/-/source-map-js-1.0.2.tgz#adbc361d9c62df380125e7f161f71c826f1e490c"
  integrity sha1-rbw2HZxi3zgBJefxYfccgm8eSQw=

source-map@^0.6.1:
  version "0.6.1"
  resolved "https://pkgs.d.xiaomi.net:443/artifactory/api/npm/mi-npm/source-map/-/source-map-0.6.1.tgz#74722af32e9614e9c287a8d0bbde48b5e2f1a263"
  integrity sha1-dHIq8y6WFOnCh6jQu95IteLxomM=

sourcemap-codec@^1.4.8:
  version "1.4.8"
  resolved "https://pkgs.d.xiaomi.net:443/artifactory/api/npm/mi-npm/sourcemap-codec/-/sourcemap-codec-1.4.8.tgz#ea804bd94857402e6992d05a38ef1ae35a9ab4c4"
  integrity sha1-6oBL2UhXQC5pktBaOO8a41qatMQ=

supports-preserve-symlinks-flag@^1.0.0:
  version "1.0.0"
  resolved "https://pkgs.d.xiaomi.net:443/artifactory/api/npm/mi-npm/supports-preserve-symlinks-flag/-/supports-preserve-symlinks-flag-1.0.0.tgz#6eda4bd344a3c94aea376d4cc31bc77311039e09"
  integrity sha1-btpL00SjyUrqN21MwxvHcxEDngk=

vite@^2.9.7:
  version "2.9.8"
  resolved "https://pkgs.d.xiaomi.net:443/artifactory/api/npm/mi-npm/vite/-/vite-2.9.8.tgz#2c2cb0790beb0fbe4b8c0995b80fe691a91c2545"
  integrity sha1-LCyweQvrD75LjAmVuA/mkakcJUU=
  dependencies:
    esbuild "^0.14.27"
    postcss "^8.4.13"
    resolve "^1.22.0"
    rollup "^2.59.0"
  optionalDependencies:
    fsevents "~2.3.2"

vue@^3.2.25:
  version "3.2.33"
  resolved "https://pkgs.d.xiaomi.net:443/artifactory/api/npm/mi-npm/vue/-/vue-3.2.33.tgz#7867eb16a3293a28c4d190a837bc447878bd64c2"
  integrity sha1-eGfrFqMpOijE0ZCoN7xEeHi9ZMI=
  dependencies:
    "@vue/compiler-dom" "3.2.33"
    "@vue/compiler-sfc" "3.2.33"
    "@vue/runtime-dom" "3.2.33"
    "@vue/server-renderer" "3.2.33"
    "@vue/shared" "3.2.33"
